// !$*UTF8*$!
{
	archiveVersion = 1;
	classes = {
	};
	objectVersion = 46;
	objects = {

/* Begin PBXBuildFile section */
		1BA22E7EBC9D2B6916D4B880 /* Pods_YugiohIllustrations.framework in Frameworks */ = {isa = PBXBuildFile; fileRef = 715AF0A31671E9070E6D93E1 /* Pods_YugiohIllustrations.framework */; };
		C05B47481F0791BE009A15FC /* Main.storyboard in Resources */ = {isa = PBXBuildFile; fileRef = C05B47461F0791BE009A15FC /* Main.storyboard */; };
		C05B474A1F0791BE009A15FC /* Assets.xcassets in Resources */ = {isa = PBXBuildFile; fileRef = C05B47491F0791BE009A15FC /* Assets.xcassets */; };
		C05B474D1F0791BE009A15FC /* LaunchScreen.storyboard in Resources */ = {isa = PBXBuildFile; fileRef = C05B474B1F0791BE009A15FC /* LaunchScreen.storyboard */; };
		C07039951F079397007D9185 /* HomeViewController.swift in Sources */ = {isa = PBXBuildFile; fileRef = C07039941F079397007D9185 /* HomeViewController.swift */; };
		C07039971F07939C007D9185 /* AppDelegate.swift in Sources */ = {isa = PBXBuildFile; fileRef = C07039961F07939C007D9185 /* AppDelegate.swift */; };
		C08F3FE11F0A272C0006993E /* SHSettingViewController.swift in Sources */ = {isa = PBXBuildFile; fileRef = C08F3FE01F0A272C0006993E /* SHSettingViewController.swift */; };
/* End PBXBuildFile section */

/* Begin PBXFileReference section */
		715AF0A31671E9070E6D93E1 /* Pods_YugiohIllustrations.framework */ = {isa = PBXFileReference; explicitFileType = wrapper.framework; includeInIndex = 0; path = Pods_YugiohIllustrations.framework; sourceTree = BUILT_PRODUCTS_DIR; };
		72DEA57321A5D58CE9869659 /* Pods-YugiohIllustrations.release.xcconfig */ = {isa = PBXFileReference; includeInIndex = 1; lastKnownFileType = text.xcconfig; name = "Pods-YugiohIllustrations.release.xcconfig"; path = "Pods/Target Support Files/Pods-YugiohIllustrations/Pods-YugiohIllustrations.release.xcconfig"; sourceTree = "<group>"; };
		C05B473F1F0791BE009A15FC /* YugiohIllustrations.app */ = {isa = PBXFileReference; explicitFileType = wrapper.application; includeInIndex = 0; path = YugiohIllustrations.app; sourceTree = BUILT_PRODUCTS_DIR; };
		C05B47471F0791BE009A15FC /* Base */ = {isa = PBXFileReference; lastKnownFileType = file.storyboard; name = Base; path = Base.lproj/Main.storyboard; sourceTree = "<group>"; };
		C05B47491F0791BE009A15FC /* Assets.xcassets */ = {isa = PBXFileReference; lastKnownFileType = folder.assetcatalog; path = Assets.xcassets; sourceTree = "<group>"; };
		C05B474C1F0791BE009A15FC /* Base */ = {isa = PBXFileReference; lastKnownFileType = file.storyboard; name = Base; path = Base.lproj/LaunchScreen.storyboard; sourceTree = "<group>"; };
		C05B474E1F0791BE009A15FC /* Info.plist */ = {isa = PBXFileReference; lastKnownFileType = text.plist.xml; path = Info.plist; sourceTree = "<group>"; };
		C07039941F079397007D9185 /* HomeViewController.swift */ = {isa = PBXFileReference; fileEncoding = 4; lastKnownFileType = sourcecode.swift; path = HomeViewController.swift; sourceTree = "<group>"; };
		C07039961F07939C007D9185 /* AppDelegate.swift */ = {isa = PBXFileReference; fileEncoding = 4; lastKnownFileType = sourcecode.swift; path = AppDelegate.swift; sourceTree = "<group>"; };
		C08F3FE01F0A272C0006993E /* SHSettingViewController.swift */ = {isa = PBXFileReference; fileEncoding = 4; lastKnownFileType = sourcecode.swift; path = SHSettingViewController.swift; sourceTree = "<group>"; };
		C8FD10EC39C967AB89FF4582 /* Pods-YugiohIllustrations.debug.xcconfig */ = {isa = PBXFileReference; includeInIndex = 1; lastKnownFileType = text.xcconfig; name = "Pods-YugiohIllustrations.debug.xcconfig"; path = "Pods/Target Support Files/Pods-YugiohIllustrations/Pods-YugiohIllustrations.debug.xcconfig"; sourceTree = "<group>"; };
/* End PBXFileReference section */

/* Begin PBXFrameworksBuildPhase section */
		C05B473C1F0791BE009A15FC /* Frameworks */ = {
			isa = PBXFrameworksBuildPhase;
			buildActionMask = 2147483647;
			files = (
				1BA22E7EBC9D2B6916D4B880 /* Pods_YugiohIllustrations.framework in Frameworks */,
			);
			runOnlyForDeploymentPostprocessing = 0;
		};
/* End PBXFrameworksBuildPhase section */

/* Begin PBXGroup section */
		484FA549B9FA30CF81E4D202 /* Pods */ = {
			isa = PBXGroup;
			children = (
				C8FD10EC39C967AB89FF4582 /* Pods-YugiohIllustrations.debug.xcconfig */,
				72DEA57321A5D58CE9869659 /* Pods-YugiohIllustrations.release.xcconfig */,
			);
			name = Pods;
			sourceTree = "<group>";
		};
		9A74594EDC0CEFBF8D419FCB /* Frameworks */ = {
			isa = PBXGroup;
			children = (
				715AF0A31671E9070E6D93E1 /* Pods_YugiohIllustrations.framework */,
			);
			name = Frameworks;
			sourceTree = "<group>";
		};
		C05B47361F0791BE009A15FC = {
			isa = PBXGroup;
			children = (
				C05B47411F0791BE009A15FC /* YugiohIllustrations */,
				C05B47401F0791BE009A15FC /* Products */,
				484FA549B9FA30CF81E4D202 /* Pods */,
				9A74594EDC0CEFBF8D419FCB /* Frameworks */,
			);
			sourceTree = "<group>";
		};
		C05B47401F0791BE009A15FC /* Products */ = {
			isa = PBXGroup;
			children = (
				C05B473F1F0791BE009A15FC /* YugiohIllustrations.app */,
			);
			name = Products;
			sourceTree = "<group>";
		};
		C05B47411F0791BE009A15FC /* YugiohIllustrations */ = {
			isa = PBXGroup;
			children = (
				C070398F1F07936E007D9185 /* AppDelegate */,
				C07039901F07936E007D9185 /* Database */,
				C07039911F07936E007D9185 /* Main */,
				C07039981F0793B1007D9185 /* SupportingFiles */,
				C05B47491F0791BE009A15FC /* Assets.xcassets */,
			);
			path = YugiohIllustrations;
			sourceTree = "<group>";
		};
		C070398F1F07936E007D9185 /* AppDelegate */ = {
			isa = PBXGroup;
			children = (
				C07039961F07939C007D9185 /* AppDelegate.swift */,
			);
			path = AppDelegate;
			sourceTree = "<group>";
		};
		C07039901F07936E007D9185 /* Database */ = {
			isa = PBXGroup;
			children = (
			);
			path = Database;
			sourceTree = "<group>";
		};
		C07039911F07936E007D9185 /* Main */ = {
			isa = PBXGroup;
			children = (
				C08F3FDE1F0A270C0006993E /* Setting */,
				C07039921F079397007D9185 /* Home */,
			);
			path = Main;
			sourceTree = "<group>";
		};
		C07039921F079397007D9185 /* Home */ = {
			isa = PBXGroup;
			children = (
				C07039931F079397007D9185 /* ViewController */,
			);
			path = Home;
			sourceTree = "<group>";
		};
		C07039931F079397007D9185 /* ViewController */ = {
			isa = PBXGroup;
			children = (
				C07039941F079397007D9185 /* HomeViewController.swift */,
			);
			path = ViewController;
			sourceTree = "<group>";
		};
		C07039981F0793B1007D9185 /* SupportingFiles */ = {
			isa = PBXGroup;
			children = (
				C05B47461F0791BE009A15FC /* Main.storyboard */,
				C05B474B1F0791BE009A15FC /* LaunchScreen.storyboard */,
				C05B474E1F0791BE009A15FC /* Info.plist */,
			);
			name = SupportingFiles;
			sourceTree = "<group>";
		};
		C08F3FDE1F0A270C0006993E /* Setting */ = {
			isa = PBXGroup;
			children = (
				C08F3FDF1F0A270C0006993E /* ViewController */,
			);
			path = Setting;
			sourceTree = "<group>";
		};
		C08F3FDF1F0A270C0006993E /* ViewController */ = {
			isa = PBXGroup;
			children = (
				C08F3FE01F0A272C0006993E /* SHSettingViewController.swift */,
			);
			path = ViewController;
			sourceTree = "<group>";
		};
/* End PBXGroup section */

/* Begin PBXNativeTarget section */
		C05B473E1F0791BE009A15FC /* YugiohIllustrations */ = {
			isa = PBXNativeTarget;
			buildConfigurationList = C05B47511F0791BE009A15FC /* Build configuration list for PBXNativeTarget "YugiohIllustrations" */;
			buildPhases = (
				36D353526454AEE884E85B9A /* [CP] Check Pods Manifest.lock */,
				C05B473B1F0791BE009A15FC /* Sources */,
				C05B473C1F0791BE009A15FC /* Frameworks */,
				C05B473D1F0791BE009A15FC /* Resources */,
				689A38A547E37529E3742359 /* [CP] Embed Pods Frameworks */,
				5BE492E77CCD6BF35735E2BB /* [CP] Copy Pods Resources */,
			);
			buildRules = (
			);
			dependencies = (
			);
			name = YugiohIllustrations;
			productName = YugiohIllustrations;
			productReference = C05B473F1F0791BE009A15FC /* YugiohIllustrations.app */;
			productType = "com.apple.product-type.application";
		};
/* End PBXNativeTarget section */

/* Begin PBXProject section */
		C05B47371F0791BE009A15FC /* Project object */ = {
			isa = PBXProject;
			attributes = {
				CLASSPREFIX = SH;
				LastSwiftUpdateCheck = 0830;
				LastUpgradeCheck = 0830;
				ORGANIZATIONNAME = Shvier;
				TargetAttributes = {
					C05B473E1F0791BE009A15FC = {
						CreatedOnToolsVersion = 8.3.3;
						DevelopmentTeam = FQVA73S8GZ;
						ProvisioningStyle = Automatic;
					};
				};
			};
			buildConfigurationList = C05B473A1F0791BE009A15FC /* Build configuration list for PBXProject "YugiohIllustrations" */;
			compatibilityVersion = "Xcode 3.2";
			developmentRegion = English;
			hasScannedForEncodings = 0;
			knownRegions = (
				en,
				Base,
			);
			mainGroup = C05B47361F0791BE009A15FC;
			productRefGroup = C05B47401F0791BE009A15FC /* Products */;
			projectDirPath = "";
			projectRoot = "";
			targets = (
				C05B473E1F0791BE009A15FC /* YugiohIllustrations */,
			);
		};
/* End PBXProject section */

/* Begin PBXResourcesBuildPhase section */
		C05B473D1F0791BE009A15FC /* Resources */ = {
			isa = PBXResourcesBuildPhase;
			buildActionMask = 2147483647;
			files = (
				C05B474D1F0791BE009A15FC /* LaunchScreen.storyboard in Resources */,
				C05B474A1F0791BE009A15FC /* Assets.xcassets in Resources */,
				C05B47481F0791BE009A15FC /* Main.storyboard in Resources */,
			);
			runOnlyForDeploymentPostprocessing = 0;
		};
/* End PBXResourcesBuildPhase section */

/* Begin PBXShellScriptBuildPhase section */
		36D353526454AEE884E85B9A /* [CP] Check Pods Manifest.lock */ = {
			isa = PBXShellScriptBuildPhase;
			buildActionMask = 2147483647;
			files = (
			);
			inputPaths = (
			);
			name = "[CP] Check Pods Manifest.lock";
			outputPaths = (
			);
			runOnlyForDeploymentPostprocessing = 0;
			shellPath = /bin/sh;
			shellScript = "diff \"${PODS_PODFILE_DIR_PATH}/Podfile.lock\" \"${PODS_ROOT}/Manifest.lock\" > /dev/null\nif [ $? != 0 ] ; then\n    # print error to STDERR\n    echo \"error: The sandbox is not in sync with the Podfile.lock. Run 'pod install' or update your CocoaPods installation.\" >&2\n    exit 1\nfi\n";
			showEnvVarsInLog = 0;
		};
		5BE492E77CCD6BF35735E2BB /* [CP] Copy Pods Resources */ = {
			isa = PBXShellScriptBuildPhase;
			buildActionMask = 2147483647;
			files = (
			);
			inputPaths = (
			);
			name = "[CP] Copy Pods Resources";
			outputPaths = (
			);
			runOnlyForDeploymentPostprocessing = 0;
			shellPath = /bin/sh;
			shellScript = "\"${SRCROOT}/Pods/Target Support Files/Pods-YugiohIllustrations/Pods-YugiohIllustrations-resources.sh\"\n";
			showEnvVarsInLog = 0;
		};
		689A38A547E37529E3742359 /* [CP] Embed Pods Frameworks */ = {
			isa = PBXShellScriptBuildPhase;
			buildActionMask = 2147483647;
			files = (
			);
			inputPaths = (
			);
			name = "[CP] Embed Pods Frameworks";
			outputPaths = (
			);
			runOnlyForDeploymentPostprocessing = 0;
			shellPath = /bin/sh;
			shellScript = "\"${SRCROOT}/Pods/Target Support Files/Pods-YugiohIllustrations/Pods-YugiohIllustrations-frameworks.sh\"\n";
			showEnvVarsInLog = 0;
		};
/* End PBXShellScriptBuildPhase section */

/* Begin PBXSourcesBuildPhase section */
		C05B473B1F0791BE009A15FC /* Sources */ = {
			isa = PBXSourcesBuildPhase;
			buildActionMask = 2147483647;
			files = (
				C07039971F07939C007D9185 /* AppDelegate.swift in Sources */,
				C07039951F079397007D9185 /* HomeViewController.swift in Sources */,
				C08F3FE11F0A272C0006993E /* SHSettingViewController.swift in Sources */,
			);
			runOnlyForDeploymentPostprocessing = 0;
		};
/* End PBXSourcesBuildPhase section */

/* Begin PBXVariantGroup section */
		C05B47461F0791BE009A15FC /* Main.storyboard */ = {
			isa = PBXVariantGroup;
			children = (
				C05B47471F0791BE009A15FC /* Base */,
			);
			name = Main.storyboard;
			sourceTree = "<group>";
		};
		C05B474B1F0791BE009A15FC /* LaunchScreen.storyboard */ = {
			isa = PBXVariantGroup;
			children = (
				C05B474C1F0791BE009A15FC /* Base */,
			);
			name = LaunchScreen.storyboard;
			sourceTree = "<group>";
		};
/* End PBXVariantGroup section */

/* Begin XCBuildConfiguration section */
		C05B474F1F0791BE009A15FC /* Debug */ = {
			isa = XCBuildConfiguration;
			buildSettings = {
				ALWAYS_SEARCH_USER_PATHS = NO;
				CLANG_ANALYZER_NONNULL = YES;
				CLANG_ANALYZER_NUMBER_OBJECT_CONVERSION = YES_AGGRESSIVE;
				CLANG_CXX_LANGUAGE_STANDARD = "gnu++0x";
				CLANG_CXX_LIBRARY = "libc++";
				CLANG_ENABLE_MODULES = YES;
				CLANG_ENABLE_OBJC_ARC = YES;
				CLANG_WARN_BOOL_CONVERSION = YES;
				CLANG_WARN_CONSTANT_CONVERSION = YES;
				CLANG_WARN_DIRECT_OBJC_ISA_USAGE = YES_ERROR;
				CLANG_WARN_DOCUMENTATION_COMMENTS = YES;
				CLANG_WARN_EMPTY_BODY = YES;
				CLANG_WARN_ENUM_CONVERSION = YES;
				CLANG_WARN_INFINITE_RECURSION = YES;
				CLANG_WARN_INT_CONVERSION = YES;
				CLANG_WARN_OBJC_ROOT_CLASS = YES_ERROR;
				CLANG_WARN_SUSPICIOUS_MOVE = YES;
				CLANG_WARN_UNREACHABLE_CODE = YES;
				CLANG_WARN__DUPLICATE_METHOD_MATCH = YES;
				"CODE_SIGN_IDENTITY[sdk=iphoneos*]" = "iPhone Developer";
				COPY_PHASE_STRIP = NO;
				DEBUG_INFORMATION_FORMAT = dwarf;
				ENABLE_STRICT_OBJC_MSGSEND = YES;
				ENABLE_TESTABILITY = YES;
				GCC_C_LANGUAGE_STANDARD = gnu99;
				GCC_DYNAMIC_NO_PIC = NO;
				GCC_NO_COMMON_BLOCKS = YES;
				GCC_OPTIMIZATION_LEVEL = 0;
				GCC_PREPROCESSOR_DEFINITIONS = (
					"DEBUG=1",
					"$(inherited)",
				);
				GCC_WARN_64_TO_32_BIT_CONVERSION = YES;
				GCC_WARN_ABOUT_RETURN_TYPE = YES_ERROR;
				GCC_WARN_UNDECLARED_SELECTOR = YES;
				GCC_WARN_UNINITIALIZED_AUTOS = YES_AGGRESSIVE;
				GCC_WARN_UNUSED_FUNCTION = YES;
				GCC_WARN_UNUSED_VARIABLE = YES;
				IPHONEOS_DEPLOYMENT_TARGET = 10.3;
				MTL_ENABLE_DEBUG_INFO = YES;
				ONLY_ACTIVE_ARCH = YES;
				SDKROOT = iphoneos;
				SWIFT_ACTIVE_COMPILATION_CONDITIONS = DEBUG;
				SWIFT_OPTIMIZATION_LEVEL = "-Onone";
				TARGETED_DEVICE_FAMILY = "1,2";
			};
			name = Debug;
		};
		C05B47501F0791BE009A15FC /* Release */ = {
			isa = XCBuildConfiguration;
			buildSettings = {
				ALWAYS_SEARCH_USER_PATHS = NO;
				CLANG_ANALYZER_NONNULL = YES;
				CLANG_ANALYZER_NUMBER_OBJECT_CONVERSION = YES_AGGRESSIVE;
				CLANG_CXX_LANGUAGE_STANDARD = "gnu++0x";
				CLANG_CXX_LIBRARY = "libc++";
				CLANG_ENABLE_MODULES = YES;
				CLANG_ENABLE_OBJC_ARC = YES;
				CLANG_WARN_BOOL_CONVERSION = YES;
				CLANG_WARN_CONSTANT_CONVERSION = YES;
				CLANG_WARN_DIRECT_OBJC_ISA_USAGE = YES_ERROR;
				CLANG_WARN_DOCUMENTATION_COMMENTS = YES;
				CLANG_WARN_EMPTY_BODY = YES;
				CLANG_WARN_ENUM_CONVERSION = YES;
				CLANG_WARN_INFINITE_RECURSION = YES;
				CLANG_WARN_INT_CONVERSION = YES;
				CLANG_WARN_OBJC_ROOT_CLASS = YES_ERROR;
				CLANG_WARN_SUSPICIOUS_MOVE = YES;
				CLANG_WARN_UNREACHABLE_CODE = YES;
				CLANG_WARN__DUPLICATE_METHOD_MATCH = YES;
				"CODE_SIGN_IDENTITY[sdk=iphoneos*]" = "iPhone Developer";
				COPY_PHASE_STRIP = NO;
				DEBUG_INFORMATION_FORMAT = "dwarf-with-dsym";
				ENABLE_NS_ASSERTIONS = NO;
				ENABLE_STRICT_OBJC_MSGSEND = YES;
				GCC_C_LANGUAGE_STANDARD = gnu99;
				GCC_NO_COMMON_BLOCKS = YES;
				GCC_WARN_64_TO_32_BIT_CONVERSION = YES;
				GCC_WARN_ABOUT_RETURN_TYPE = YES_ERROR;
				GCC_WARN_UNDECLARED_SELECTOR = YES;
				GCC_WARN_UNINITIALIZED_AUTOS = YES_AGGRESSIVE;
				GCC_WARN_UNUSED_FUNCTION = YES;
				GCC_WARN_UNUSED_VARIABLE = YES;
				IPHONEOS_DEPLOYMENT_TARGET = 10.3;
				MTL_ENABLE_DEBUG_INFO = NO;
				SDKROOT = iphoneos;
				SWIFT_OPTIMIZATION_LEVEL = "-Owholemodule";
				TARGETED_DEVICE_FAMILY = "1,2";
				VALIDATE_PRODUCT = YES;
			};
			name = Release;
		};
		C05B47521F0791BE009A15FC /* Debug */ = {
			isa = XCBuildConfiguration;
			baseConfigurationReference = C8FD10EC39C967AB89FF4582 /* Pods-YugiohIllustrations.debug.xcconfig */;
			buildSettings = {
				ASSETCATALOG_COMPILER_APPICON_NAME = AppIcon;
				DEVELOPMENT_TEAM = FQVA73S8GZ;
				INFOPLIST_FILE = YugiohIllustrations/Info.plist;
				IPHONEOS_DEPLOYMENT_TARGET = 9.0;
				LD_RUNPATH_SEARCH_PATHS = "$(inherited) @executable_path/Frameworks";
				PRODUCT_BUNDLE_IDENTIFIER = com.Shvier.YugiohIllustrations;
				PRODUCT_NAME = "$(TARGET_NAME)";
				SWIFT_VERSION = 3.0;
			};
			name = Debug;
		};
		C05B47531F0791BE009A15FC /* Release */ = {
			isa = XCBuildConfiguration;
			baseConfigurationReference = 72DEA57321A5D58CE9869659 /* Pods-YugiohIllustrations.release.xcconfig */;
			buildSettings = {
				ASSETCATALOG_COMPILER_APPICON_NAME = AppIcon;
				DEVELOPMENT_TEAM = FQVA73S8GZ;
				INFOPLIST_FILE = YugiohIllustrations/Info.plist;
				IPHONEOS_DEPLOYMENT_TARGET = 9.0;
				LD_RUNPATH_SEARCH_PATHS = "$(inherited) @executable_path/Frameworks";
				PRODUCT_BUNDLE_IDENTIFIER = com.Shvier.YugiohIllustrations;
				PRODUCT_NAME = "$(TARGET_NAME)";
				SWIFT_VERSION = 3.0;
			};
			name = Release;
		};
/* End XCBuildConfiguration section */

/* Begin XCConfigurationList section */
		C05B473A1F0791BE009A15FC /* Build configuration list for PBXProject "YugiohIllustrations" */ = {
			isa = XCConfigurationList;
			buildConfigurations = (
				C05B474F1F0791BE009A15FC /* Debug */,
				C05B47501F0791BE009A15FC /* Release */,
			);
			defaultConfigurationIsVisible = 0;
			defaultConfigurationName = Release;
		};
		C05B47511F0791BE009A15FC /* Build configuration list for PBXNativeTarget "YugiohIllustrations" */ = {
			isa = XCConfigurationList;
			buildConfigurations = (
				C05B47521F0791BE009A15FC /* Debug */,
				C05B47531F0791BE009A15FC /* Release */,
			);
			defaultConfigurationIsVisible = 0;
			defaultConfigurationName = Release;
		};
/* End XCConfigurationList section */
	};
	rootObject = C05B47371F0791BE009A15FC /* Project object */;
}
